
Microsoft Visual Studio Solution File, Format Version 12.00
# Visual Studio Version 16
VisualStudioVersion = 16.0.30523.141
MinimumVisualStudioVersion = 10.0.40219.1
Project("{9A19103F-16F7-4668-BE54-9A1E7A4F7556}") = "XParser", "XParser.csproj", "{EB5296B8-DADC-4CBA-A04A-575272657606}"
EndProject
Global
	GlobalSection(SolutionConfigurationPlatforms) = preSolution
		Debug|Any CPU = Debug|Any CPU
		Release|Any CPU = Release|Any CPU
	EndGlobalSection
	GlobalSection(ProjectConfigurationPlatforms) = postSolution
		{EB5296B8-DADC-4CBA-A04A-575272657606}.Debug|Any CPU.ActiveCfg = Debug|Any CPU
		{EB5296B8-DADC-4CBA-A04A-575272657606}.Debug|Any CPU.Build.0 = Debug|Any CPU
		{EB5296B8-DADC-4CBA-A04A-575272657606}.Release|Any CPU.ActiveCfg = Release|Any CPU
		{EB5296B8-DADC-4CBA-A04A-575272657606}.Release|Any CPU.Build.0 = Release|Any CPU
	EndGlobalSection
	GlobalSection(SolutionProperties) = preSolution
		HideSolutionNode = FALSE
	EndGlobalSection
	GlobalSection(ExtensibilityGlobals) = postSolution
		SolutionGuid = {FB123107-221B-4D4C-81E6-A38EC110C8D0}
	EndGlobalSection
EndGlobal
